
Microsoft Visual Studio Solution File, Format Version 12.00
# Visual Studio Version 17
VisualStudioVersion = 17.14.36127.28 d17.14
MinimumVisualStudioVersion = 10.0.40219.1
Project("{FAE04EC0-301F-11D3-BF4B-00C04F79EFBC}") = "TinyAnimations", "TinyAnimations\TinyAnimations.csproj", "{42E192F9-E069-4B00-A9DD-9F6A41E000BD}"
EndProject
Project("{FAE04EC0-301F-11D3-BF4B-00C04F79EFBC}") = "TinyAnimations.Tests", "TinyAnimations.Tests\TinyAnimations.Tests.csproj", "{ACBE2AC6-7130-4718-81AE-752ABCB1E0BA}"
EndProject
Project("{2150E333-8FDC-42A3-9474-1A3956D46DE8}") = "Solution Items", "Solution Items", "{8EC462FD-D22E-90A8-E5CE-7E832BA40C5D}"
	ProjectSection(SolutionItems) = preProject
		README.md = README.md
	EndProjectSection
EndProject
Global
	GlobalSection(SolutionConfigurationPlatforms) = preSolution
		Debug|Any CPU = Debug|Any CPU
		Release|Any CPU = Release|Any CPU
	EndGlobalSection
	GlobalSection(ProjectConfigurationPlatforms) = postSolution
		{42E192F9-E069-4B00-A9DD-9F6A41E000BD}.Debug|Any CPU.ActiveCfg = Debug|Any CPU
		{42E192F9-E069-4B00-A9DD-9F6A41E000BD}.Debug|Any CPU.Build.0 = Debug|Any CPU
		{42E192F9-E069-4B00-A9DD-9F6A41E000BD}.Release|Any CPU.ActiveCfg = Release|Any CPU
		{42E192F9-E069-4B00-A9DD-9F6A41E000BD}.Release|Any CPU.Build.0 = Release|Any CPU
		{ACBE2AC6-7130-4718-81AE-752ABCB1E0BA}.Debug|Any CPU.ActiveCfg = Debug|Any CPU
		{ACBE2AC6-7130-4718-81AE-752ABCB1E0BA}.Debug|Any CPU.Build.0 = Debug|Any CPU
		{ACBE2AC6-7130-4718-81AE-752ABCB1E0BA}.Release|Any CPU.ActiveCfg = Release|Any CPU
		{ACBE2AC6-7130-4718-81AE-752ABCB1E0BA}.Release|Any CPU.Build.0 = Release|Any CPU
	EndGlobalSection
	GlobalSection(SolutionProperties) = preSolution
		HideSolutionNode = FALSE
	EndGlobalSection
	GlobalSection(ExtensibilityGlobals) = postSolution
		SolutionGuid = {E3EE7C4D-E931-49C8-9628-C081E24E7A00}
	EndGlobalSection
EndGlobal
